
Microsoft Visual Studio Solution File, Format Version 12.00
# Visual Studio Version 16
VisualStudioVersion = 16.0.29709.97
MinimumVisualStudioVersion = 10.0.40219.1
Project("{FAE04EC0-301F-11D3-BF4B-00C04F79EFBC}") = "RCToolkitSample_Csharp", "RCToolkitSample_Csharp\RCToolkitSample_Csharp.csproj", "{EE8F9FC6-AADF-4CD6-94BF-A8838665DE99}"
EndProject
Global
	GlobalSection(SolutionConfigurationPlatforms) = preSolution
		Debug|Any CPU = Debug|Any CPU
		Release|Any CPU = Release|Any CPU
	EndGlobalSection
	GlobalSection(ProjectConfigurationPlatforms) = postSolution
		{EE8F9FC6-AADF-4CD6-94BF-A8838665DE99}.Debug|Any CPU.ActiveCfg = Debug|Any CPU
		{EE8F9FC6-AADF-4CD6-94BF-A8838665DE99}.Debug|Any CPU.Build.0 = Debug|Any CPU
		{EE8F9FC6-AADF-4CD6-94BF-A8838665DE99}.Release|Any CPU.ActiveCfg = Release|Any CPU
		{EE8F9FC6-AADF-4CD6-94BF-A8838665DE99}.Release|Any CPU.Build.0 = Release|Any CPU
	EndGlobalSection
	GlobalSection(SolutionProperties) = preSolution
		HideSolutionNode = FALSE
	EndGlobalSection
	GlobalSection(ExtensibilityGlobals) = postSolution
		SolutionGuid = {7E71666E-903B-494E-A88F-D7DAD34791AB}
	EndGlobalSection
EndGlobal
